
Microsoft Visual Studio Solution File, Format Version 12.00
# Visual Studio 15
VisualStudioVersion = 15.0.26430.13
MinimumVisualStudioVersion = 10.0.40219.1
Project("{FAE04EC0-301F-11D3-BF4B-00C04F79EFBC}") = "DroneLander.Android", "DroneLander\DroneLander.Android\DroneLander.Android.csproj", "{FAB76449-A6AA-4430-A8BB-46D2C5BCD9C7}"
EndProject
Project("{FAE04EC0-301F-11D3-BF4B-00C04F79EFBC}") = "DroneLander", "DroneLander\DroneLander\DroneLander.csproj", "{74B571C2-B46B-4038-84FF-A11982B65E92}"
EndProject
Project("{FAE04EC0-301F-11D3-BF4B-00C04F79EFBC}") = "DroneLander.UWP", "DroneLander\DroneLander.UWP\DroneLander.UWP.csproj", "{15FA9035-F5F2-4759-92A4-6840F3296B8F}"
EndProject
Project("{FAE04EC0-301F-11D3-BF4B-00C04F79EFBC}") = "DroneLander.iOS", "DroneLander\DroneLander.iOS\DroneLander.iOS.csproj", "{B9B9B2B2-A126-4D7B-94E1-42D49DABF12E}"
EndProject
Global
	GlobalSection(SolutionConfigurationPlatforms) = preSolution
		Ad-Hoc|Any CPU = Ad-Hoc|Any CPU
		Ad-Hoc|ARM = Ad-Hoc|ARM
		Ad-Hoc|iPhone = Ad-Hoc|iPhone
		Ad-Hoc|iPhoneSimulator = Ad-Hoc|iPhoneSimulator
		Ad-Hoc|x64 = Ad-Hoc|x64
		Ad-Hoc|x86 = Ad-Hoc|x86
		AppStore|Any CPU = AppStore|Any CPU
		AppStore|ARM = AppStore|ARM
		AppStore|iPhone = AppStore|iPhone
		AppStore|iPhoneSimulator = AppStore|iPhoneSimulator
		AppStore|x64 = AppStore|x64
		AppStore|x86 = AppStore|x86
		Debug|Any CPU = Debug|Any CPU
		Debug|ARM = Debug|ARM
		Debug|iPhone = Debug|iPhone
		Debug|iPhoneSimulator = Debug|iPhoneSimulator
		Debug|x64 = Debug|x64
		Debug|x86 = Debug|x86
		Release|Any CPU = Release|Any CPU
		Release|ARM = Release|ARM
		Release|iPhone = Release|iPhone
		Release|iPhoneSimulator = Release|iPhoneSimulator
		Release|x64 = Release|x64
		Release|x86 = Release|x86
	EndGlobalSection
	GlobalSection(ProjectConfigurationPlatforms) = postSolution
		{FAB76449-A6AA-4430-A8BB-46D2C5BCD9C7}.Ad-Hoc|Any CPU.ActiveCfg = Release|Any CPU
		{FAB76449-A6AA-4430-A8BB-46D2C5BCD9C7}.Ad-Hoc|Any CPU.Build.0 = Release|Any CPU
		{FAB76449-A6AA-4430-A8BB-46D2C5BCD9C7}.Ad-Hoc|Any CPU.Deploy.0 = Release|Any CPU
		{FAB76449-A6AA-4430-A8BB-46D2C5BCD9C7}.Ad-Hoc|ARM.ActiveCfg = Release|Any CPU
		{FAB76449-A6AA-4430-A8BB-46D2C5BCD9C7}.Ad-Hoc|ARM.Build.0 = Release|Any CPU
		{FAB76449-A6AA-4430-A8BB-46D2C5BCD9C7}.Ad-Hoc|ARM.Deploy.0 = Release|Any CPU
		{FAB76449-A6AA-4430-A8BB-46D2C5BCD9C7}.Ad-Hoc|iPhone.ActiveCfg = Release|Any CPU
		{FAB76449-A6AA-4430-A8BB-46D2C5BCD9C7}.Ad-Hoc|iPhone.Build.0 = Release|Any CPU
		{FAB76449-A6AA-4430-A8BB-46D2C5BCD9C7}.Ad-Hoc|iPhone.Deploy.0 = Release|Any CPU
		{FAB76449-A6AA-4430-A8BB-46D2C5BCD9C7}.Ad-Hoc|iPhoneSimulator.ActiveCfg = Release|Any CPU
		{FAB76449-A6AA-4430-A8BB-46D2C5BCD9C7}.Ad-Hoc|iPhoneSimulator.Build.0 = Release|Any CPU
		{FAB76449-A6AA-4430-A8BB-46D2C5BCD9C7}.Ad-Hoc|iPhoneSimulator.Deploy.0 = Release|Any CPU
		{FAB76449-A6AA-4430-A8BB-46D2C5BCD9C7}.Ad-Hoc|x64.ActiveCfg = Release|Any CPU
		{FAB76449-A6AA-4430-A8BB-46D2C5BCD9C7}.Ad-Hoc|x64.Build.0 = Release|Any CPU
		{FAB76449-A6AA-4430-A8BB-46D2C5BCD9C7}.Ad-Hoc|x64.Deploy.0 = Release|Any CPU
		{FAB76449-A6AA-4430-A8BB-46D2C5BCD9C7}.Ad-Hoc|x86.ActiveCfg = Release|Any CPU
		{FAB76449-A6AA-4430-A8BB-46D2C5BCD9C7}.Ad-Hoc|x86.Build.0 = Release|Any CPU
		{FAB76449-A6AA-4430-A8BB-46D2C5BCD9C7}.Ad-Hoc|x86.Deploy.0 = Release|Any CPU
		{FAB76449-A6AA-4430-A8BB-46D2C5BCD9C7}.AppStore|Any CPU.ActiveCfg = Release|Any CPU
		{FAB76449-A6AA-4430-A8BB-46D2C5BCD9C7}.AppStore|Any CPU.Build.0 = Release|Any CPU
		{FAB76449-A6AA-4430-A8BB-46D2C5BCD9C7}.AppStore|Any CPU.Deploy.0 = Release|Any CPU
		{FAB76449-A6AA-4430-A8BB-46D2C5BCD9C7}.AppStore|ARM.ActiveCfg = Release|Any CPU
		{FAB76449-A6AA-4430-A8BB-46D2C5BCD9C7}.AppStore|ARM.Build.0 = Release|Any CPU
		{FAB76449-A6AA-4430-A8BB-46D2C5BCD9C7}.AppStore|ARM.Deploy.0 = Release|Any CPU
		{FAB76449-A6AA-4430-A8BB-46D2C5BCD9C7}.AppStore|iPhone.ActiveCfg = Release|Any CPU
		{FAB76449-A6AA-4430-A8BB-46D2C5BCD9C7}.AppStore|iPhone.Build.0 = Release|Any CPU
		{FAB76449-A6AA-4430-A8BB-46D2C5BCD9C7}.AppStore|iPhone.Deploy.0 = Release|Any CPU
		{FAB76449-A6AA-4430-A8BB-46D2C5BCD9C7}.AppStore|iPhoneSimulator.ActiveCfg = Release|Any CPU
		{FAB76449-A6AA-4430-A8BB-46D2C5BCD9C7}.AppStore|iPhoneSimulator.Build.0 = Release|Any CPU
		{FAB76449-A6AA-4430-A8BB-46D2C5BCD9C7}.AppStore|iPhoneSimulator.Deploy.0 = Release|Any CPU
		{FAB76449-A6AA-4430-A8BB-46D2C5BCD9C7}.AppStore|x64.ActiveCfg = Release|Any CPU
		{FAB76449-A6AA-4430-A8BB-46D2C5BCD9C7}.AppStore|x64.Build.0 = Release|Any CPU
		{FAB76449-A6AA-4430-A8BB-46D2C5BCD9C7}.AppStore|x64.Deploy.0 = Release|Any CPU
		{FAB76449-A6AA-4430-A8BB-46D2C5BCD9C7}.AppStore|x86.ActiveCfg = Release|Any CPU
		{FAB76449-A6AA-4430-A8BB-46D2C5BCD9C7}.AppStore|x86.Build.0 = Release|Any CPU
		{FAB76449-A6AA-4430-A8BB-46D2C5BCD9C7}.AppStore|x86.Deploy.0 = Release|Any CPU
		{FAB76449-A6AA-4430-A8BB-46D2C5BCD9C7}.Debug|Any CPU.ActiveCfg = Debug|Any CPU
		{FAB76449-A6AA-4430-A8BB-46D2C5BCD9C7}.Debug|Any CPU.Build.0 = Debug|Any CPU
		{FAB76449-A6AA-4430-A8BB-46D2C5BCD9C7}.Debug|Any CPU.Deploy.0 = Debug|Any CPU
		{FAB76449-A6AA-4430-A8BB-46D2C5BCD9C7}.Debug|ARM.ActiveCfg = Debug|Any CPU
		{FAB76449-A6AA-4430-A8BB-46D2C5BCD9C7}.Debug|ARM.Build.0 = Debug|Any CPU
		{FAB76449-A6AA-4430-A8BB-46D2C5BCD9C7}.Debug|ARM.Deploy.0 = Debug|Any CPU
		{FAB76449-A6AA-4430-A8BB-46D2C5BCD9C7}.Debug|iPhone.ActiveCfg = Debug|Any CPU
		{FAB76449-A6AA-4430-A8BB-46D2C5BCD9C7}.Debug|iPhone.Build.0 = Debug|Any CPU
		{FAB76449-A6AA-4430-A8BB-46D2C5BCD9C7}.Debug|iPhone.Deploy.0 = Debug|Any CPU
		{FAB76449-A6AA-4430-A8BB-46D2C5BCD9C7}.Debug|iPhoneSimulator.ActiveCfg = Debug|Any CPU
		{FAB76449-A6AA-4430-A8BB-46D2C5BCD9C7}.Debug|iPhoneSimulator.Build.0 = Debug|Any CPU
		{FAB76449-A6AA-4430-A8BB-46D2C5BCD9C7}.Debug|iPhoneSimulator.Deploy.0 = Debug|Any CPU
		{FAB76449-A6AA-4430-A8BB-46D2C5BCD9C7}.Debug|x64.ActiveCfg = Debug|Any CPU
		{FAB76449-A6AA-4430-A8BB-46D2C5BCD9C7}.Debug|x64.Build.0 = Debug|Any CPU
		{FAB76449-A6AA-4430-A8BB-46D2C5BCD9C7}.Debug|x64.Deploy.0 = Debug|Any CPU
		{FAB76449-A6AA-4430-A8BB-46D2C5BCD9C7}.Debug|x86.ActiveCfg = Debug|Any CPU
		{FAB76449-A6AA-4430-A8BB-46D2C5BCD9C7}.Debug|x86.Build.0 = Debug|Any CPU
		{FAB76449-A6AA-4430-A8BB-46D2C5BCD9C7}.Debug|x86.Deploy.0 = Debug|Any CPU
		{FAB76449-A6AA-4430-A8BB-46D2C5BCD9C7}.Release|Any CPU.ActiveCfg = Release|Any CPU
		{FAB76449-A6AA-4430-A8BB-46D2C5BCD9C7}.Release|Any CPU.Build.0 = Release|Any CPU
		{FAB76449-A6AA-4430-A8BB-46D2C5BCD9C7}.Release|Any CPU.Deploy.0 = Release|Any CPU
		{FAB76449-A6AA-4430-A8BB-46D2C5BCD9C7}.Release|ARM.ActiveCfg = Release|Any CPU
		{FAB76449-A6AA-4430-A8BB-46D2C5BCD9C7}.Release|ARM.Build.0 = Release|Any CPU
		{FAB76449-A6AA-4430-A8BB-46D2C5BCD9C7}.Release|ARM.Deploy.0 = Release|Any CPU
		{FAB76449-A6AA-4430-A8BB-46D2C5BCD9C7}.Release|iPhone.ActiveCfg = Release|Any CPU
		{FAB76449-A6AA-4430-A8BB-46D2C5BCD9C7}.Release|iPhone.Build.0 = Release|Any CPU
		{FAB76449-A6AA-4430-A8BB-46D2C5BCD9C7}.Release|iPhone.Deploy.0 = Release|Any CPU
		{FAB76449-A6AA-4430-A8BB-46D2C5BCD9C7}.Release|iPhoneSimulator.ActiveCfg = Release|Any CPU
		{FAB76449-A6AA-4430-A8BB-46D2C5BCD9C7}.Release|iPhoneSimulator.Build.0 = Release|Any CPU
		{FAB76449-A6AA-4430-A8BB-46D2C5BCD9C7}.Release|iPhoneSimulator.Deploy.0 = Release|Any CPU
		{FAB76449-A6AA-4430-A8BB-46D2C5BCD9C7}.Release|x64.ActiveCfg = Release|Any CPU
		{FAB76449-A6AA-4430-A8BB-46D2C5BCD9C7}.Release|x64.Build.0 = Release|Any CPU
		{FAB76449-A6AA-4430-A8BB-46D2C5BCD9C7}.Release|x64.Deploy.0 = Release|Any CPU
		{FAB76449-A6AA-4430-A8BB-46D2C5BCD9C7}.Release|x86.ActiveCfg = Release|Any CPU
		{FAB76449-A6AA-4430-A8BB-46D2C5BCD9C7}.Release|x86.Build.0 = Release|Any CPU
		{FAB76449-A6AA-4430-A8BB-46D2C5BCD9C7}.Release|x86.Deploy.0 = Release|Any CPU
		{74B571C2-B46B-4038-84FF-A11982B65E92}.Ad-Hoc|Any CPU.ActiveCfg = Release|Any CPU
		{74B571C2-B46B-4038-84FF-A11982B65E92}.Ad-Hoc|Any CPU.Build.0 = Release|Any CPU
		{74B571C2-B46B-4038-84FF-A11982B65E92}.Ad-Hoc|ARM.ActiveCfg = Release|Any CPU
		{74B571C2-B46B-4038-84FF-A11982B65E92}.Ad-Hoc|ARM.Build.0 = Release|Any CPU
		{74B571C2-B46B-4038-84FF-A11982B65E92}.Ad-Hoc|iPhone.ActiveCfg = Release|Any CPU
		{74B571C2-B46B-4038-84FF-A11982B65E92}.Ad-Hoc|iPhone.Build.0 = Release|Any CPU
		{74B571C2-B46B-4038-84FF-A11982B65E92}.Ad-Hoc|iPhoneSimulator.ActiveCfg = Release|Any CPU
		{74B571C2-B46B-4038-84FF-A11982B65E92}.Ad-Hoc|iPhoneSimulator.Build.0 = Release|Any CPU
		{74B571C2-B46B-4038-84FF-A11982B65E92}.Ad-Hoc|x64.ActiveCfg = Release|Any CPU
		{74B571C2-B46B-4038-84FF-A11982B65E92}.Ad-Hoc|x64.Build.0 = Release|Any CPU
		{74B571C2-B46B-4038-84FF-A11982B65E92}.Ad-Hoc|x86.ActiveCfg = Release|Any CPU
		{74B571C2-B46B-4038-84FF-A11982B65E92}.Ad-Hoc|x86.Build.0 = Release|Any CPU
		{74B571C2-B46B-4038-84FF-A11982B65E92}.AppStore|Any CPU.ActiveCfg = Release|Any CPU
		{74B571C2-B46B-4038-84FF-A11982B65E92}.AppStore|Any CPU.Build.0 = Release|Any CPU
		{74B571C2-B46B-4038-84FF-A11982B65E92}.AppStore|ARM.ActiveCfg = Release|Any CPU
		{74B571C2-B46B-4038-84FF-A11982B65E92}.AppStore|ARM.Build.0 = Release|Any CPU
		{74B571C2-B46B-4038-84FF-A11982B65E92}.AppStore|iPhone.ActiveCfg = Release|Any CPU
		{74B571C2-B46B-4038-84FF-A11982B65E92}.AppStore|iPhone.Build.0 = Release|Any CPU
		{74B571C2-B46B-4038-84FF-A11982B65E92}.AppStore|iPhoneSimulator.ActiveCfg = Release|Any CPU
		{74B571C2-B46B-4038-84FF-A11982B65E92}.AppStore|iPhoneSimulator.Build.0 = Release|Any CPU
		{74B571C2-B46B-4038-84FF-A11982B65E92}.AppStore|x64.ActiveCfg = Release|Any CPU
		{74B571C2-B46B-4038-84FF-A11982B65E92}.AppStore|x64.Build.0 = Release|Any CPU
		{74B571C2-B46B-4038-84FF-A11982B65E92}.AppStore|x86.ActiveCfg = Release|Any CPU
		{74B571C2-B46B-4038-84FF-A11982B65E92}.AppStore|x86.Build.0 = Release|Any CPU
		{74B571C2-B46B-4038-84FF-A11982B65E92}.Debug|Any CPU.ActiveCfg = Debug|Any CPU
		{74B571C2-B46B-4038-84FF-A11982B65E92}.Debug|Any CPU.Build.0 = Debug|Any CPU
		{74B571C2-B46B-4038-84FF-A11982B65E92}.Debug|ARM.ActiveCfg = Debug|Any CPU
		{74B571C2-B46B-4038-84FF-A11982B65E92}.Debug|ARM.Build.0 = Debug|Any CPU
		{74B571C2-B46B-4038-84FF-A11982B65E92}.Debug|iPhone.ActiveCfg = Debug|Any CPU
		{74B571C2-B46B-4038-84FF-A11982B65E92}.Debug|iPhone.Build.0 = Debug|Any CPU
		{74B571C2-B46B-4038-84FF-A11982B65E92}.Debug|iPhoneSimulator.ActiveCfg = Debug|Any CPU
		{74B571C2-B46B-4038-84FF-A11982B65E92}.Debug|iPhoneSimulator.Build.0 = Debug|Any CPU
		{74B571C2-B46B-4038-84FF-A11982B65E92}.Debug|x64.ActiveCfg = Debug|Any CPU
		{74B571C2-B46B-4038-84FF-A11982B65E92}.Debug|x64.Build.0 = Debug|Any CPU
		{74B571C2-B46B-4038-84FF-A11982B65E92}.Debug|x86.ActiveCfg = Debug|Any CPU
		{74B571C2-B46B-4038-84FF-A11982B65E92}.Debug|x86.Build.0 = Debug|Any CPU
		{74B571C2-B46B-4038-84FF-A11982B65E92}.Release|Any CPU.ActiveCfg = Release|Any CPU
		{74B571C2-B46B-4038-84FF-A11982B65E92}.Release|Any CPU.Build.0 = Release|Any CPU
		{74B571C2-B46B-4038-84FF-A11982B65E92}.Release|ARM.ActiveCfg = Release|Any CPU
		{74B571C2-B46B-4038-84FF-A11982B65E92}.Release|ARM.Build.0 = Release|Any CPU
		{74B571C2-B46B-4038-84FF-A11982B65E92}.Release|iPhone.ActiveCfg = Release|Any CPU
		{74B571C2-B46B-4038-84FF-A11982B65E92}.Release|iPhone.Build.0 = Release|Any CPU
		{74B571C2-B46B-4038-84FF-A11982B65E92}.Release|iPhoneSimulator.ActiveCfg = Release|Any CPU
		{74B571C2-B46B-4038-84FF-A11982B65E92}.Release|iPhoneSimulator.Build.0 = Release|Any CPU
		{74B571C2-B46B-4038-84FF-A11982B65E92}.Release|x64.ActiveCfg = Release|Any CPU
		{74B571C2-B46B-4038-84FF-A11982B65E92}.Release|x64.Build.0 = Release|Any CPU
		{74B571C2-B46B-4038-84FF-A11982B65E92}.Release|x86.ActiveCfg = Release|Any CPU
		{74B571C2-B46B-4038-84FF-A11982B65E92}.Release|x86.Build.0 = Release|Any CPU
		{15FA9035-F5F2-4759-92A4-6840F3296B8F}.Ad-Hoc|Any CPU.ActiveCfg = Release|x86
		{15FA9035-F5F2-4759-92A4-6840F3296B8F}.Ad-Hoc|Any CPU.Build.0 = Release|x86
		{15FA9035-F5F2-4759-92A4-6840F3296B8F}.Ad-Hoc|Any CPU.Deploy.0 = Release|x86
		{15FA9035-F5F2-4759-92A4-6840F3296B8F}.Ad-Hoc|ARM.ActiveCfg = Release|ARM
		{15FA9035-F5F2-4759-92A4-6840F3296B8F}.Ad-Hoc|ARM.Build.0 = Release|ARM
		{15FA9035-F5F2-4759-92A4-6840F3296B8F}.Ad-Hoc|ARM.Deploy.0 = Release|ARM
		{15FA9035-F5F2-4759-92A4-6840F3296B8F}.Ad-Hoc|iPhone.ActiveCfg = Release|x86
		{15FA9035-F5F2-4759-92A4-6840F3296B8F}.Ad-Hoc|iPhone.Build.0 = Release|x86
		{15FA9035-F5F2-4759-92A4-6840F3296B8F}.Ad-Hoc|iPhone.Deploy.0 = Release|x86
		{15FA9035-F5F2-4759-92A4-6840F3296B8F}.Ad-Hoc|iPhoneSimulator.ActiveCfg = Release|x86
		{15FA9035-F5F2-4759-92A4-6840F3296B8F}.Ad-Hoc|iPhoneSimulator.Build.0 = Release|x86
		{15FA9035-F5F2-4759-92A4-6840F3296B8F}.Ad-Hoc|iPhoneSimulator.Deploy.0 = Release|x86
		{15FA9035-F5F2-4759-92A4-6840F3296B8F}.Ad-Hoc|x64.ActiveCfg = Release|x64
		{15FA9035-F5F2-4759-92A4-6840F3296B8F}.Ad-Hoc|x64.Build.0 = Release|x64
		{15FA9035-F5F2-4759-92A4-6840F3296B8F}.Ad-Hoc|x64.Deploy.0 = Release|x64
		{15FA9035-F5F2-4759-92A4-6840F3296B8F}.Ad-Hoc|x86.ActiveCfg = Release|x86
		{15FA9035-F5F2-4759-92A4-6840F3296B8F}.Ad-Hoc|x86.Build.0 = Release|x86
		{15FA9035-F5F2-4759-92A4-6840F3296B8F}.Ad-Hoc|x86.Deploy.0 = Release|x86
		{15FA9035-F5F2-4759-92A4-6840F3296B8F}.AppStore|Any CPU.ActiveCfg = Release|x86
		{15FA9035-F5F2-4759-92A4-6840F3296B8F}.AppStore|Any CPU.Build.0 = Release|x86
		{15FA9035-F5F2-4759-92A4-6840F3296B8F}.AppStore|Any CPU.Deploy.0 = Release|x86
		{15FA9035-F5F2-4759-92A4-6840F3296B8F}.AppStore|ARM.ActiveCfg = Release|ARM
		{15FA9035-F5F2-4759-92A4-6840F3296B8F}.AppStore|ARM.Build.0 = Release|ARM
		{15FA9035-F5F2-4759-92A4-6840F3296B8F}.AppStore|ARM.Deploy.0 = Release|ARM
		{15FA9035-F5F2-4759-92A4-6840F3296B8F}.AppStore|iPhone.ActiveCfg = Release|x86
		{15FA9035-F5F2-4759-92A4-6840F3296B8F}.AppStore|iPhone.Build.0 = Release|x86
		{15FA9035-F5F2-4759-92A4-6840F3296B8F}.AppStore|iPhone.Deploy.0 = Release|x86
		{15FA9035-F5F2-4759-92A4-6840F3296B8F}.AppStore|iPhoneSimulator.ActiveCfg = Release|x86
		{15FA9035-F5F2-4759-92A4-6840F3296B8F}.AppStore|iPhoneSimulator.Build.0 = Release|x86
		{15FA9035-F5F2-4759-92A4-6840F3296B8F}.AppStore|iPhoneSimulator.Deploy.0 = Release|x86
		{15FA9035-F5F2-4759-92A4-6840F3296B8F}.AppStore|x64.ActiveCfg = Release|x64
		{15FA9035-F5F2-4759-92A4-6840F3296B8F}.AppStore|x64.Build.0 = Release|x64
		{15FA9035-F5F2-4759-92A4-6840F3296B8F}.AppStore|x64.Deploy.0 = Release|x64
		{15FA9035-F5F2-4759-92A4-6840F3296B8F}.AppStore|x86.ActiveCfg = Release|x86
		{15FA9035-F5F2-4759-92A4-6840F3296B8F}.AppStore|x86.Build.0 = Release|x86
		{15FA9035-F5F2-4759-92A4-6840F3296B8F}.AppStore|x86.Deploy.0 = Release|x86
		{15FA9035-F5F2-4759-92A4-6840F3296B8F}.Debug|Any CPU.ActiveCfg = Debug|x86
		{15FA9035-F5F2-4759-92A4-6840F3296B8F}.Debug|Any CPU.Build.0 = Debug|x86
		{15FA9035-F5F2-4759-92A4-6840F3296B8F}.Debug|Any CPU.Deploy.0 = Debug|x86
		{15FA9035-F5F2-4759-92A4-6840F3296B8F}.Debug|ARM.ActiveCfg = Debug|ARM
		{15FA9035-F5F2-4759-92A4-6840F3296B8F}.Debug|ARM.Build.0 = Debug|ARM
		{15FA9035-F5F2-4759-92A4-6840F3296B8F}.Debug|ARM.Deploy.0 = Debug|ARM
		{15FA9035-F5F2-4759-92A4-6840F3296B8F}.Debug|iPhone.ActiveCfg = Debug|x86
		{15FA9035-F5F2-4759-92A4-6840F3296B8F}.Debug|iPhoneSimulator.ActiveCfg = Debug|x86
		{15FA9035-F5F2-4759-92A4-6840F3296B8F}.Debug|x64.ActiveCfg = Debug|x64
		{15FA9035-F5F2-4759-92A4-6840F3296B8F}.Debug|x64.Build.0 = Debug|x64
		{15FA9035-F5F2-4759-92A4-6840F3296B8F}.Debug|x64.Deploy.0 = Debug|x64
		{15FA9035-F5F2-4759-92A4-6840F3296B8F}.Debug|x86.ActiveCfg = Debug|x86
		{15FA9035-F5F2-4759-92A4-6840F3296B8F}.Debug|x86.Build.0 = Debug|x86
		{15FA9035-F5F2-4759-92A4-6840F3296B8F}.Debug|x86.Deploy.0 = Debug|x86
		{15FA9035-F5F2-4759-92A4-6840F3296B8F}.Release|Any CPU.ActiveCfg = Release|x86
		{15FA9035-F5F2-4759-92A4-6840F3296B8F}.Release|ARM.ActiveCfg = Release|ARM
		{15FA9035-F5F2-4759-92A4-6840F3296B8F}.Release|ARM.Build.0 = Release|ARM
		{15FA9035-F5F2-4759-92A4-6840F3296B8F}.Release|ARM.Deploy.0 = Release|ARM
		{15FA9035-F5F2-4759-92A4-6840F3296B8F}.Release|iPhone.ActiveCfg = Release|x86
		{15FA9035-F5F2-4759-92A4-6840F3296B8F}.Release|iPhoneSimulator.ActiveCfg = Release|x86
		{15FA9035-F5F2-4759-92A4-6840F3296B8F}.Release|x64.ActiveCfg = Release|x64
		{15FA9035-F5F2-4759-92A4-6840F3296B8F}.Release|x64.Build.0 = Release|x64
		{15FA9035-F5F2-4759-92A4-6840F3296B8F}.Release|x64.Deploy.0 = Release|x64
		{15FA9035-F5F2-4759-92A4-6840F3296B8F}.Release|x86.ActiveCfg = Release|x86
		{15FA9035-F5F2-4759-92A4-6840F3296B8F}.Release|x86.Build.0 = Release|x86
		{15FA9035-F5F2-4759-92A4-6840F3296B8F}.Release|x86.Deploy.0 = Release|x86
		{B9B9B2B2-A126-4D7B-94E1-42D49DABF12E}.Ad-Hoc|Any CPU.ActiveCfg = Ad-Hoc|iPhone
		{B9B9B2B2-A126-4D7B-94E1-42D49DABF12E}.Ad-Hoc|ARM.ActiveCfg = Ad-Hoc|iPhone
		{B9B9B2B2-A126-4D7B-94E1-42D49DABF12E}.Ad-Hoc|iPhone.ActiveCfg = Ad-Hoc|iPhone
		{B9B9B2B2-A126-4D7B-94E1-42D49DABF12E}.Ad-Hoc|iPhone.Build.0 = Ad-Hoc|iPhone
		{B9B9B2B2-A126-4D7B-94E1-42D49DABF12E}.Ad-Hoc|iPhoneSimulator.ActiveCfg = Ad-Hoc|iPhoneSimulator
		{B9B9B2B2-A126-4D7B-94E1-42D49DABF12E}.Ad-Hoc|iPhoneSimulator.Build.0 = Ad-Hoc|iPhoneSimulator
		{B9B9B2B2-A126-4D7B-94E1-42D49DABF12E}.Ad-Hoc|x64.ActiveCfg = Ad-Hoc|iPhone
		{B9B9B2B2-A126-4D7B-94E1-42D49DABF12E}.Ad-Hoc|x86.ActiveCfg = Ad-Hoc|iPhone
		{B9B9B2B2-A126-4D7B-94E1-42D49DABF12E}.AppStore|Any CPU.ActiveCfg = AppStore|iPhone
		{B9B9B2B2-A126-4D7B-94E1-42D49DABF12E}.AppStore|ARM.ActiveCfg = AppStore|iPhone
		{B9B9B2B2-A126-4D7B-94E1-42D49DABF12E}.AppStore|iPhone.ActiveCfg = AppStore|iPhone
		{B9B9B2B2-A126-4D7B-94E1-42D49DABF12E}.AppStore|iPhone.Build.0 = AppStore|iPhone
		{B9B9B2B2-A126-4D7B-94E1-42D49DABF12E}.AppStore|iPhoneSimulator.ActiveCfg = AppStore|iPhoneSimulator
		{B9B9B2B2-A126-4D7B-94E1-42D49DABF12E}.AppStore|iPhoneSimulator.Build.0 = AppStore|iPhoneSimulator
		{B9B9B2B2-A126-4D7B-94E1-42D49DABF12E}.AppStore|x64.ActiveCfg = AppStore|iPhone
		{B9B9B2B2-A126-4D7B-94E1-42D49DABF12E}.AppStore|x86.ActiveCfg = AppStore|iPhone
		{B9B9B2B2-A126-4D7B-94E1-42D49DABF12E}.Debug|Any CPU.ActiveCfg = Debug|iPhone
		{B9B9B2B2-A126-4D7B-94E1-42D49DABF12E}.Debug|ARM.ActiveCfg = Debug|iPhone
		{B9B9B2B2-A126-4D7B-94E1-42D49DABF12E}.Debug|iPhone.ActiveCfg = Debug|iPhone
		{B9B9B2B2-A126-4D7B-94E1-42D49DABF12E}.Debug|iPhone.Build.0 = Debug|iPhone
		{B9B9B2B2-A126-4D7B-94E1-42D49DABF12E}.Debug|iPhoneSimulator.ActiveCfg = Debug|iPhoneSimulator
		{B9B9B2B2-A126-4D7B-94E1-42D49DABF12E}.Debug|iPhoneSimulator.Build.0 = Debug|iPhoneSimulator
		{B9B9B2B2-A126-4D7B-94E1-42D49DABF12E}.Debug|x64.ActiveCfg = Debug|iPhone
		{B9B9B2B2-A126-4D7B-94E1-42D49DABF12E}.Debug|x86.ActiveCfg = Debug|iPhone
		{B9B9B2B2-A126-4D7B-94E1-42D49DABF12E}.Release|Any CPU.ActiveCfg = Release|iPhone
		{B9B9B2B2-A126-4D7B-94E1-42D49DABF12E}.Release|ARM.ActiveCfg = Release|iPhone
		{B9B9B2B2-A126-4D7B-94E1-42D49DABF12E}.Release|iPhone.ActiveCfg = Release|iPhone
		{B9B9B2B2-A126-4D7B-94E1-42D49DABF12E}.Release|iPhone.Build.0 = Release|iPhone
		{B9B9B2B2-A126-4D7B-94E1-42D49DABF12E}.Release|iPhoneSimulator.ActiveCfg = Release|iPhoneSimulator
		{B9B9B2B2-A126-4D7B-94E1-42D49DABF12E}.Release|iPhoneSimulator.Build.0 = Release|iPhoneSimulator
		{B9B9B2B2-A126-4D7B-94E1-42D49DABF12E}.Release|x64.ActiveCfg = Release|iPhone
		{B9B9B2B2-A126-4D7B-94E1-42D49DABF12E}.Release|x86.ActiveCfg = Release|iPhone
	EndGlobalSection
	GlobalSection(SolutionProperties) = preSolution
		HideSolutionNode = FALSE
	EndGlobalSection
EndGlobal
